
Microsoft Visual Studio Solution File, Format Version 12.00
# Visual Studio Version 17
VisualStudioVersion = 17.5.33424.131
MinimumVisualStudioVersion = 10.0.40219.1
Project("{FAE04EC0-301F-11D3-BF4B-00C04F79EFBC}") = "Farmacia", "Farmacia\Farmacia.csproj", "{1EE60449-54A4-4E55-98C3-0A20D4C2BCE7}"
EndProject
Global
	GlobalSection(SolutionConfigurationPlatforms) = preSolution
		Debug|Any CPU = Debug|Any CPU
		Release|Any CPU = Release|Any CPU
	EndGlobalSection
	GlobalSection(ProjectConfigurationPlatforms) = postSolution
		{1EE60449-54A4-4E55-98C3-0A20D4C2BCE7}.Debug|Any CPU.ActiveCfg = Debug|Any CPU
		{1EE60449-54A4-4E55-98C3-0A20D4C2BCE7}.Debug|Any CPU.Build.0 = Debug|Any CPU
		{1EE60449-54A4-4E55-98C3-0A20D4C2BCE7}.Release|Any CPU.ActiveCfg = Release|Any CPU
		{1EE60449-54A4-4E55-98C3-0A20D4C2BCE7}.Release|Any CPU.Build.0 = Release|Any CPU
	EndGlobalSection
	GlobalSection(SolutionProperties) = preSolution
		HideSolutionNode = FALSE
	EndGlobalSection
	GlobalSection(ExtensibilityGlobals) = postSolution
		SolutionGuid = {F739B899-72BD-4F1A-BA46-94CADAA48EA9}
	EndGlobalSection
EndGlobal
